// !$*UTF8*$!
{
	archiveVersion = 1;
	classes = {
	};
	objectVersion = 50;
	objects = {

/* Begin PBXBuildFile section */
		E3E9F9832407E092005A916E /* AppDelegate.m in Sources */ = {isa = PBXBuildFile; fileRef = E3E9F9822407E092005A916E /* AppDelegate.m */; };
		E3E9F9862407E092005A916E /* SceneDelegate.m in Sources */ = {isa = PBXBuildFile; fileRef = E3E9F9852407E092005A916E /* SceneDelegate.m */; };
		E3E9F9892407E092005A916E /* ViewController.m in Sources */ = {isa = PBXBuildFile; fileRef = E3E9F9882407E092005A916E /* ViewController.m */; };
		E3E9F98C2407E092005A916E /* Main.storyboard in Resources */ = {isa = PBXBuildFile; fileRef = E3E9F98A2407E092005A916E /* Main.storyboard */; };
		E3E9F98E2407E095005A916E /* Assets.xcassets in Resources */ = {isa = PBXBuildFile; fileRef = E3E9F98D2407E095005A916E /* Assets.xcassets */; };
		E3E9F9912407E095005A916E /* LaunchScreen.storyboard in Resources */ = {isa = PBXBuildFile; fileRef = E3E9F98F2407E095005A916E /* LaunchScreen.storyboard */; };
		E3E9F9942407E095005A916E /* main.m in Sources */ = {isa = PBXBuildFile; fileRef = E3E9F9932407E095005A916E /* main.m */; };
		E3E9F99F2407F149005A916E /* PhotoExporter.m in Sources */ = {isa = PBXBuildFile; fileRef = E3E9F99E2407F149005A916E /* PhotoExporter.m */; };
/* End PBXBuildFile section */

/* Begin PBXFileReference section */
		E3E9F97E2407E092005A916E /* test.app */ = {isa = PBXFileReference; explicitFileType = wrapper.application; includeInIndex = 0; path = test.app; sourceTree = BUILT_PRODUCTS_DIR; };
		E3E9F9812407E092005A916E /* AppDelegate.h */ = {isa = PBXFileReference; lastKnownFileType = sourcecode.c.h; path = AppDelegate.h; sourceTree = "<group>"; };
		E3E9F9822407E092005A916E /* AppDelegate.m */ = {isa = PBXFileReference; lastKnownFileType = sourcecode.c.objc; path = AppDelegate.m; sourceTree = "<group>"; };
		E3E9F9842407E092005A916E /* SceneDelegate.h */ = {isa = PBXFileReference; lastKnownFileType = sourcecode.c.h; path = SceneDelegate.h; sourceTree = "<group>"; };
		E3E9F9852407E092005A916E /* SceneDelegate.m */ = {isa = PBXFileReference; lastKnownFileType = sourcecode.c.objc; path = SceneDelegate.m; sourceTree = "<group>"; };
		E3E9F9872407E092005A916E /* ViewController.h */ = {isa = PBXFileReference; lastKnownFileType = sourcecode.c.h; path = ViewController.h; sourceTree = "<group>"; };
		E3E9F9882407E092005A916E /* ViewController.m */ = {isa = PBXFileReference; lastKnownFileType = sourcecode.c.objc; path = ViewController.m; sourceTree = "<group>"; };
		E3E9F98B2407E092005A916E /* Base */ = {isa = PBXFileReference; lastKnownFileType = file.storyboard; name = Base; path = Base.lproj/Main.storyboard; sourceTree = "<group>"; };
		E3E9F98D2407E095005A916E /* Assets.xcassets */ = {isa = PBXFileReference; lastKnownFileType = folder.assetcatalog; path = Assets.xcassets; sourceTree = "<group>"; };
		E3E9F9902407E095005A916E /* Base */ = {isa = PBXFileReference; lastKnownFileType = file.storyboard; name = Base; path = Base.lproj/LaunchScreen.storyboard; sourceTree = "<group>"; };
		E3E9F9922407E095005A916E /* Info.plist */ = {isa = PBXFileReference; lastKnownFileType = text.plist.xml; path = Info.plist; sourceTree = "<group>"; };
		E3E9F9932407E095005A916E /* main.m */ = {isa = PBXFileReference; lastKnownFileType = sourcecode.c.objc; path = main.m; sourceTree = "<group>"; };
		E3E9F99D2407F149005A916E /* PhotoExporter.h */ = {isa = PBXFileReference; lastKnownFileType = sourcecode.c.h; path = PhotoExporter.h; sourceTree = "<group>"; };
		E3E9F99E2407F149005A916E /* PhotoExporter.m */ = {isa = PBXFileReference; lastKnownFileType = sourcecode.c.objc; path = PhotoExporter.m; sourceTree = "<group>"; };
/* End PBXFileReference section */

/* Begin PBXFrameworksBuildPhase section */
		E3E9F97B2407E091005A916E /* Frameworks */ = {
			isa = PBXFrameworksBuildPhase;
			buildActionMask = 2147483647;
			files = (
			);
			runOnlyForDeploymentPostprocessing = 0;
		};
/* End PBXFrameworksBuildPhase section */

/* Begin PBXGroup section */
		E3E9F9752407E091005A916E = {
			isa = PBXGroup;
			children = (
				E3E9F9802407E092005A916E /* test */,
				E3E9F97F2407E092005A916E /* Products */,
			);
			sourceTree = "<group>";
		};
		E3E9F97F2407E092005A916E /* Products */ = {
			isa = PBXGroup;
			children = (
				E3E9F97E2407E092005A916E /* test.app */,
			);
			name = Products;
			sourceTree = "<group>";
		};
		E3E9F9802407E092005A916E /* test */ = {
			isa = PBXGroup;
			children = (
				E3E9F99C2407F128005A916E /* PhotoExporter */,
				E3E9F9812407E092005A916E /* AppDelegate.h */,
				E3E9F9822407E092005A916E /* AppDelegate.m */,
				E3E9F9842407E092005A916E /* SceneDelegate.h */,
				E3E9F9852407E092005A916E /* SceneDelegate.m */,
				E3E9F9872407E092005A916E /* ViewController.h */,
				E3E9F9882407E092005A916E /* ViewController.m */,
				E3E9F98A2407E092005A916E /* Main.storyboard */,
				E3E9F98D2407E095005A916E /* Assets.xcassets */,
				E3E9F98F2407E095005A916E /* LaunchScreen.storyboard */,
				E3E9F9922407E095005A916E /* Info.plist */,
				E3E9F9932407E095005A916E /* main.m */,
			);
			path = test;
			sourceTree = "<group>";
		};
		E3E9F99C2407F128005A916E /* PhotoExporter */ = {
			isa = PBXGroup;
			children = (
				E3E9F99D2407F149005A916E /* PhotoExporter.h */,
				E3E9F99E2407F149005A916E /* PhotoExporter.m */,
			);
			path = PhotoExporter;
			sourceTree = "<group>";
		};
/* End PBXGroup section */

/* Begin PBXNativeTarget section */
		E3E9F97D2407E091005A916E /* test */ = {
			isa = PBXNativeTarget;
			buildConfigurationList = E3E9F9972407E095005A916E /* Build configuration list for PBXNativeTarget "test" */;
			buildPhases = (
				E3E9F97A2407E091005A916E /* Sources */,
				E3E9F97B2407E091005A916E /* Frameworks */,
				E3E9F97C2407E091005A916E /* Resources */,
			);
			buildRules = (
			);
			dependencies = (
			);
			name = test;
			productName = test;
			productReference = E3E9F97E2407E092005A916E /* test.app */;
			productType = "com.apple.product-type.application";
		};
/* End PBXNativeTarget section */

/* Begin PBXProject section */
		E3E9F9762407E091005A916E /* Project object */ = {
			isa = PBXProject;
			attributes = {
				LastUpgradeCheck = 1130;
				ORGANIZATIONNAME = "Alina Boguslavskaya";
				TargetAttributes = {
					E3E9F97D2407E091005A916E = {
						CreatedOnToolsVersion = 11.3.1;
					};
				};
			};
			buildConfigurationList = E3E9F9792407E091005A916E /* Build configuration list for PBXProject "test" */;
			compatibilityVersion = "Xcode 9.3";
			developmentRegion = en;
			hasScannedForEncodings = 0;
			knownRegions = (
				en,
				Base,
			);
			mainGroup = E3E9F9752407E091005A916E;
			productRefGroup = E3E9F97F2407E092005A916E /* Products */;
			projectDirPath = "";
			projectRoot = "";
			targets = (
				E3E9F97D2407E091005A916E /* test */,
			);
		};
/* End PBXProject section */

/* Begin PBXResourcesBuildPhase section */
		E3E9F97C2407E091005A916E /* Resources */ = {
			isa = PBXResourcesBuildPhase;
			buildActionMask = 2147483647;
			files = (
				E3E9F9912407E095005A916E /* LaunchScreen.storyboard in Resources */,
				E3E9F98E2407E095005A916E /* Assets.xcassets in Resources */,
				E3E9F98C2407E092005A916E /* Main.storyboard in Resources */,
			);
			runOnlyForDeploymentPostprocessing = 0;
		};
/* End PBXResourcesBuildPhase section */

/* Begin PBXSourcesBuildPhase section */
		E3E9F97A2407E091005A916E /* Sources */ = {
			isa = PBXSourcesBuildPhase;
			buildActionMask = 2147483647;
			files = (
				E3E9F9892407E092005A916E /* ViewController.m in Sources */,
				E3E9F9832407E092005A916E /* AppDelegate.m in Sources */,
				E3E9F99F2407F149005A916E /* PhotoExporter.m in Sources */,
				E3E9F9942407E095005A916E /* main.m in Sources */,
				E3E9F9862407E092005A916E /* SceneDelegate.m in Sources */,
			);
			runOnlyForDeploymentPostprocessing = 0;
		};
/* End PBXSourcesBuildPhase section */

/* Begin PBXVariantGroup section */
		E3E9F98A2407E092005A916E /* Main.storyboard */ = {
			isa = PBXVariantGroup;
			children = (
				E3E9F98B2407E092005A916E /* Base */,
			);
			name = Main.storyboard;
			sourceTree = "<group>";
		};
		E3E9F98F2407E095005A916E /* LaunchScreen.storyboard */ = {
			isa = PBXVariantGroup;
			children = (
				E3E9F9902407E095005A916E /* Base */,
			);
			name = LaunchScreen.storyboard;
			sourceTree = "<group>";
		};
/* End PBXVariantGroup section */

/* Begin XCBuildConfiguration section */
		E3E9F9952407E095005A916E /* Debug */ = {
			isa = XCBuildConfiguration;
			buildSettings = {
				ALWAYS_SEARCH_USER_PATHS = NO;
				CLANG_ANALYZER_NONNULL = YES;
				CLANG_ANALYZER_NUMBER_OBJECT_CONVERSION = YES_AGGRESSIVE;
				CLANG_CXX_LANGUAGE_STANDARD = "gnu++14";
				CLANG_CXX_LIBRARY = "libc++";
				CLANG_ENABLE_MODULES = YES;
				CLANG_ENABLE_OBJC_ARC = YES;
				CLANG_ENABLE_OBJC_WEAK = YES;
				CLANG_WARN_BLOCK_CAPTURE_AUTORELEASING = YES;
				CLANG_WARN_BOOL_CONVERSION = YES;
				CLANG_WARN_COMMA = YES;
				CLANG_WARN_CONSTANT_CONVERSION = YES;
				CLANG_WARN_DEPRECATED_OBJC_IMPLEMENTATIONS = YES;
				CLANG_WARN_DIRECT_OBJC_ISA_USAGE = YES_ERROR;
				CLANG_WARN_DOCUMENTATION_COMMENTS = YES;
				CLANG_WARN_EMPTY_BODY = YES;
				CLANG_WARN_ENUM_CONVERSION = YES;
				CLANG_WARN_INFINITE_RECURSION = YES;
				CLANG_WARN_INT_CONVERSION = YES;
				CLANG_WARN_NON_LITERAL_NULL_CONVERSION = YES;
				CLANG_WARN_OBJC_IMPLICIT_RETAIN_SELF = YES;
				CLANG_WARN_OBJC_LITERAL_CONVERSION = YES;
				CLANG_WARN_OBJC_ROOT_CLASS = YES_ERROR;
				CLANG_WARN_RANGE_LOOP_ANALYSIS = YES;
				CLANG_WARN_STRICT_PROTOTYPES = YES;
				CLANG_WARN_SUSPICIOUS_MOVE = YES;
				CLANG_WARN_UNGUARDED_AVAILABILITY = YES_AGGRESSIVE;
				CLANG_WARN_UNREACHABLE_CODE = YES;
				CLANG_WARN__DUPLICATE_METHOD_MATCH = YES;
				COPY_PHASE_STRIP = NO;
				DEBUG_INFORMATION_FORMAT = dwarf;
				ENABLE_STRICT_OBJC_MSGSEND = YES;
				ENABLE_TESTABILITY = YES;
				GCC_C_LANGUAGE_STANDARD = gnu11;
				GCC_DYNAMIC_NO_PIC = NO;
				GCC_NO_COMMON_BLOCKS = YES;
				GCC_OPTIMIZATION_LEVEL = 0;
				GCC_PREPROCESSOR_DEFINITIONS = (
					"DEBUG=1",
					"$(inherited)",
				);
				GCC_WARN_64_TO_32_BIT_CONVERSION = YES;
				GCC_WARN_ABOUT_RETURN_TYPE = YES_ERROR;
				GCC_WARN_UNDECLARED_SELECTOR = YES;
				GCC_WARN_UNINITIALIZED_AUTOS = YES_AGGRESSIVE;
				GCC_WARN_UNUSED_FUNCTION = YES;
				GCC_WARN_UNUSED_VARIABLE = YES;
				IPHONEOS_DEPLOYMENT_TARGET = 13.2;
				MTL_ENABLE_DEBUG_INFO = INCLUDE_SOURCE;
				MTL_FAST_MATH = YES;
				ONLY_ACTIVE_ARCH = YES;
				SDKROOT = iphoneos;
			};
			name = Debug;
		};
		E3E9F9962407E095005A916E /* Release */ = {
			isa = XCBuildConfiguration;
			buildSettings = {
				ALWAYS_SEARCH_USER_PATHS = NO;
				CLANG_ANALYZER_NONNULL = YES;
				CLANG_ANALYZER_NUMBER_OBJECT_CONVERSION = YES_AGGRESSIVE;
				CLANG_CXX_LANGUAGE_STANDARD = "gnu++14";
				CLANG_CXX_LIBRARY = "libc++";
				CLANG_ENABLE_MODULES = YES;
				CLANG_ENABLE_OBJC_ARC = YES;
				CLANG_ENABLE_OBJC_WEAK = YES;
				CLANG_WARN_BLOCK_CAPTURE_AUTORELEASING = YES;
				CLANG_WARN_BOOL_CONVERSION = YES;
				CLANG_WARN_COMMA = YES;
				CLANG_WARN_CONSTANT_CONVERSION = YES;
				CLANG_WARN_DEPRECATED_OBJC_IMPLEMENTATIONS = YES;
				CLANG_WARN_DIRECT_OBJC_ISA_USAGE = YES_ERROR;
				CLANG_WARN_DOCUMENTATION_COMMENTS = YES;
				CLANG_WARN_EMPTY_BODY = YES;
				CLANG_WARN_ENUM_CONVERSION = YES;
				CLANG_WARN_INFINITE_RECURSION = YES;
				CLANG_WARN_INT_CONVERSION = YES;
				CLANG_WARN_NON_LITERAL_NULL_CONVERSION = YES;
				CLANG_WARN_OBJC_IMPLICIT_RETAIN_SELF = YES;
				CLANG_WARN_OBJC_LITERAL_CONVERSION = YES;
				CLANG_WARN_OBJC_ROOT_CLASS = YES_ERROR;
				CLANG_WARN_RANGE_LOOP_ANALYSIS = YES;
				CLANG_WARN_STRICT_PROTOTYPES = YES;
				CLANG_WARN_SUSPICIOUS_MOVE = YES;
				CLANG_WARN_UNGUARDED_AVAILABILITY = YES_AGGRESSIVE;
				CLANG_WARN_UNREACHABLE_CODE = YES;
				CLANG_WARN__DUPLICATE_METHOD_MATCH = YES;
				COPY_PHASE_STRIP = NO;
				DEBUG_INFORMATION_FORMAT = "dwarf-with-dsym";
				ENABLE_NS_ASSERTIONS = NO;
				ENABLE_STRICT_OBJC_MSGSEND = YES;
				GCC_C_LANGUAGE_STANDARD = gnu11;
				GCC_NO_COMMON_BLOCKS = YES;
				GCC_WARN_64_TO_32_BIT_CONVERSION = YES;
				GCC_WARN_ABOUT_RETURN_TYPE = YES_ERROR;
				GCC_WARN_UNDECLARED_SELECTOR = YES;
				GCC_WARN_UNINITIALIZED_AUTOS = YES_AGGRESSIVE;
				GCC_WARN_UNUSED_FUNCTION = YES;
				GCC_WARN_UNUSED_VARIABLE = YES;
				IPHONEOS_DEPLOYMENT_TARGET = 13.2;
				MTL_ENABLE_DEBUG_INFO = NO;
				MTL_FAST_MATH = YES;
				SDKROOT = iphoneos;
				VALIDATE_PRODUCT = YES;
			};
			name = Release;
		};
		E3E9F9982407E095005A916E /* Debug */ = {
			isa = XCBuildConfiguration;
			buildSettings = {
				ASSETCATALOG_COMPILER_APPICON_NAME = AppIcon;
				CODE_SIGN_STYLE = Automatic;
				CURRENT_PROJECT_VERSION = 3;
				DEVELOPMENT_TEAM = 24D3FVC9WA;
				INFOPLIST_FILE = test/Info.plist;
				LD_RUNPATH_SEARCH_PATHS = (
					"$(inherited)",
					"@executable_path/Frameworks",
				);
				MARKETING_VERSION = 1.3;
				PRODUCT_BUNDLE_IDENTIFIER = com.alibogzl.test;
				PRODUCT_NAME = "$(TARGET_NAME)";
				TARGETED_DEVICE_FAMILY = "1,2";
			};
			name = Debug;
		};
		E3E9F9992407E095005A916E /* Release */ = {
			isa = XCBuildConfiguration;
			buildSettings = {
				ASSETCATALOG_COMPILER_APPICON_NAME = AppIcon;
				CODE_SIGN_STYLE = Automatic;
				CURRENT_PROJECT_VERSION = 3;
				DEVELOPMENT_TEAM = 24D3FVC9WA;
				INFOPLIST_FILE = test/Info.plist;
				LD_RUNPATH_SEARCH_PATHS = (
					"$(inherited)",
					"@executable_path/Frameworks",
				);
				MARKETING_VERSION = 1.3;
				PRODUCT_BUNDLE_IDENTIFIER = com.alibogzl.test;
				PRODUCT_NAME = "$(TARGET_NAME)";
				TARGETED_DEVICE_FAMILY = "1,2";
			};
			name = Release;
		};
/* End XCBuildConfiguration section */

/* Begin XCConfigurationList section */
		E3E9F9792407E091005A916E /* Build configuration list for PBXProject "test" */ = {
			isa = XCConfigurationList;
			buildConfigurations = (
				E3E9F9952407E095005A916E /* Debug */,
				E3E9F9962407E095005A916E /* Release */,
			);
			defaultConfigurationIsVisible = 0;
			defaultConfigurationName = Release;
		};
		E3E9F9972407E095005A916E /* Build configuration list for PBXNativeTarget "test" */ = {
			isa = XCConfigurationList;
			buildConfigurations = (
				E3E9F9982407E095005A916E /* Debug */,
				E3E9F9992407E095005A916E /* Release */,
			);
			defaultConfigurationIsVisible = 0;
			defaultConfigurationName = Release;
		};
/* End XCConfigurationList section */
	};
	rootObject = E3E9F9762407E091005A916E /* Project object */;
}
